
Microsoft Visual Studio Solution File, Format Version 12.00
# Visual Studio Version 17
VisualStudioVersion = 17.8.34316.72
MinimumVisualStudioVersion = 10.0.40219.1
Project("{FAE04EC0-301F-11D3-BF4B-00C04F79EFBC}") = "WeatherApp", "WeatherApp\WeatherApp.csproj", "{D95A6696-646F-4765-BC00-EBE3E2686DDE}"
EndProject
Global
	GlobalSection(SolutionConfigurationPlatforms) = preSolution
		Debug|Any CPU = Debug|Any CPU
		Release|Any CPU = Release|Any CPU
	EndGlobalSection
	GlobalSection(ProjectConfigurationPlatforms) = postSolution
		{D95A6696-646F-4765-BC00-EBE3E2686DDE}.Debug|Any CPU.ActiveCfg = Debug|Any CPU
		{D95A6696-646F-4765-BC00-EBE3E2686DDE}.Debug|Any CPU.Build.0 = Debug|Any CPU
		{D95A6696-646F-4765-BC00-EBE3E2686DDE}.Release|Any CPU.ActiveCfg = Release|Any CPU
		{D95A6696-646F-4765-BC00-EBE3E2686DDE}.Release|Any CPU.Build.0 = Release|Any CPU
	EndGlobalSection
	GlobalSection(SolutionProperties) = preSolution
		HideSolutionNode = FALSE
	EndGlobalSection
	GlobalSection(ExtensibilityGlobals) = postSolution
		SolutionGuid = {323FD9F8-CB03-4B4A-9911-160193768252}
	EndGlobalSection
EndGlobal
